schema: '2.0'
stages:
  prepare:
    cmd: python -m src.data.prepare_data
    deps:
    - path: data/raw/test.csv
      hash: md5
      md5: 75cf36180901053ac0192ed7de327211
      size: 89871
    - path: data/raw/train.csv
      hash: md5
      md5: d73834ad270abbd6f4a8e51f13247051
      size: 460107
    - path: src/data/load_data.py
      hash: md5
      md5: 9a5789041268fd804f7129628b9fa170
      size: 941
    - path: src/data/prepare_data.py
      hash: md5
      md5: bbc5aeb9ce99d452b515bd773109ec90
      size: 3063
    - path: src/data/validate_data.py
      hash: md5
      md5: 98e8e88c19ebc0cb9ae8a371140df7a7
      size: 2741
    - path: src/utils/config.py
      hash: md5
      md5: 09a6537afda49d818aef2ba42eb934b0
      size: 565
    params:
      params.yaml:
        data.id_column: Id
        data.min_test_rows: 100
        data.min_train_rows: 1000
        data.missing_threshold: 0.5
    outs:
    - path: data/interim/clean.csv
      hash: md5
      md5: 4ea3d28516c24abc67d3e774f158d6f2
      size: 437334
    - path: data/interim/clean_test.csv
      hash: md5
      md5: 33c43eb5e2db1f027b9e3bd4e818cbf5
      size: 85371
    - path: data/interim/data_profile.json
      hash: md5
      md5: cab0ed1261de5538c2ba44cedda70536
      size: 570
  featurize:
    cmd: python -m src.features.build_features
    deps:
    - path: data/interim/clean.csv
      hash: md5
      md5: 4ea3d28516c24abc67d3e774f158d6f2
      size: 437334
    - path: data/interim/clean_test.csv
      hash: md5
      md5: 33c43eb5e2db1f027b9e3bd4e818cbf5
      size: 85371
    - path: src/features/build_features.py
      hash: md5
      md5: ba1dd4b6735eba50582ae6bc465c3839
      size: 6778
    - path: src/features/transformers.py
      hash: md5
      md5: 1cd77582fa5a20289230455940e43c51
      size: 2088
    - path: src/utils/config.py
      hash: md5
      md5: 09a6537afda49d818aef2ba42eb934b0
      size: 565
    params:
      params.yaml:
        features.log_target: true
        features.polynomial_degree: 2
        features.use_polynomial: false
        training.random_state: 42
        training.test_size: 0.2
    outs:
    - path: data/processed/X_inference.csv
      hash: md5
      md5: 557a664ebd2beb36d826cb00ce43677d
      size: 535069
    - path: data/processed/X_test.csv
      hash: md5
      md5: 557a664ebd2beb36d826cb00ce43677d
      size: 535069
    - path: data/processed/X_train.csv
      hash: md5
      md5: 9bb3bc58c9afa377717da17b1cdf88e1
      size: 2116273
    - path: data/processed/features_metadata.json
      hash: md5
      md5: 4f6a591b220b33c600a402c101b315ac
      size: 2611
    - path: data/processed/preprocessor.pkl
      hash: md5
      md5: 53dfbc36556ad20bce247ee1e99bbf3e
      size: 21012
    - path: data/processed/y_test.csv
      hash: md5
      md5: 015f06837033f25d94d97fd662787b4f
      size: 5810
    - path: data/processed/y_train.csv
      hash: md5
      md5: 1e1adde9b1fea2be0c0bef1d80b1ff77
      size: 23171
  baseline:
    cmd: python -m src.models.baseline
    deps:
    - path: data/interim/clean.csv
      hash: md5
      md5: 4ea3d28516c24abc67d3e774f158d6f2
      size: 437334
    - path: data/processed/X_test.csv
      hash: md5
      md5: 557a664ebd2beb36d826cb00ce43677d
      size: 535069
    - path: data/processed/X_train.csv
      hash: md5
      md5: 9bb3bc58c9afa377717da17b1cdf88e1
      size: 2116273
    - path: data/processed/y_test.csv
      hash: md5
      md5: 015f06837033f25d94d97fd662787b4f
      size: 5810
    - path: data/processed/y_train.csv
      hash: md5
      md5: 1e1adde9b1fea2be0c0bef1d80b1ff77
      size: 23171
    - path: src/models/baseline.py
      hash: md5
      md5: 7eb09a8c922d61f6a5687d51f6f52d5c
      size: 8982
    - path: src/models/metrics.py
      hash: md5
      md5: afdd20ad8eed10f10567a0b7e86c7ae7
      size: 924
    - path: src/utils/config.py
      hash: md5
      md5: 09a6537afda49d818aef2ba42eb934b0
      size: 565
    params:
      params.yaml:
        features.log_target: true
        training.cv_folds: 5
        training.random_state: 42
        training.test_size: 0.2
    outs:
    - path: models/baseline_engineered.pkl
      hash: md5
      md5: 5b0d222a2c4284de3240d5b6cdef6237
      size: 13631
    - path: models/baseline_naive.pkl
      hash: md5
      md5: 02f21430422642762229949a830e1dec
      size: 2577
    - path: reports/baseline_comparison.md
      hash: md5
      md5: 3797ef9ae0f1045dc8d13d0af7b1195a
      size: 1239
    - path: reports/baseline_metrics.json
      hash: md5
      md5: 1829c553f1c4cf8d4f452bba4c842fac
      size: 1620
  train:
    cmd: .\venv\Scripts\python.exe -m src.models.train
    deps:
    - path: data/interim/clean.csv
      hash: md5
      md5: 4ea3d28516c24abc67d3e774f158d6f2
      size: 437334
    - path: data/processed/X_test.csv
      hash: md5
      md5: 557a664ebd2beb36d826cb00ce43677d
      size: 535069
    - path: data/processed/X_train.csv
      hash: md5
      md5: 9bb3bc58c9afa377717da17b1cdf88e1
      size: 2116273
    - path: data/processed/y_test.csv
      hash: md5
      md5: 015f06837033f25d94d97fd662787b4f
      size: 5810
    - path: data/processed/y_train.csv
      hash: md5
      md5: 1e1adde9b1fea2be0c0bef1d80b1ff77
      size: 23171
    - path: src/models/baseline.py
      hash: md5
      md5: 7eb09a8c922d61f6a5687d51f6f52d5c
      size: 8982
    - path: src/models/metrics.py
      hash: md5
      md5: afdd20ad8eed10f10567a0b7e86c7ae7
      size: 924
    - path: src/models/train.py
      hash: md5
      md5: 559da2ba34e1c6ceb3890a74091ff015
      size: 12379
    - path: src/utils/config.py
      hash: md5
      md5: 09a6537afda49d818aef2ba42eb934b0
      size: 565
    - path: src/utils/mlflow_utils.py
      hash: md5
      md5: 1afdbf835a93278f9b73fb7382bf4625
      size: 1250
    params:
      params.yaml:
        features.log_target: true
        mlflow.experiment_name: house-price-prediction
        mlflow.tracking_uri: sqlite:///mlflow.db
        training.cv_folds: 5
        training.random_state: 42
        training.test_size: 0.2
    outs:
    - path: models/best_model.pkl
      hash: md5
      md5: 7e14c7b0a4f7c658368a433d4de10996
      size: 13665
    - path: reports/training_summary.json
      hash: md5
      md5: 285d72865bd780d94134cf1d54fd2ad9
      size: 12256
